
Microsoft Visual Studio Solution File, Format Version 12.00
# Visual Studio Version 17
VisualStudioVersion = 17.11.35327.3
MinimumVisualStudioVersion = 10.0.40219.1
Project("{9A19103F-16F7-4668-BE54-9A1E7A4F7556}") = "WingetCreateCLI", "WingetCreateCLI\WingetCreateCLI.csproj", "{D5855B01-208D-4A6F-9F56-F38780A121EB}"
EndProject
Project("{2150E333-8FDC-42A3-9474-1A3956D46DE8}") = "WingetCreateTests", "WingetCreateTests", "{2365F14C-C2A7-4BED-8EA1-EE290794E518}"
EndProject
Project("{9A19103F-16F7-4668-BE54-9A1E7A4F7556}") = "WingetCreateTestExeInstaller", "WingetCreateTests\WingetCreateTestExeInstaller\WingetCreateTestExeInstaller.csproj", "{B7B1E135-E27C-4189-9C12-95BC387EF130}"
EndProject
Project("{54435603-DBB4-11D2-8724-00A0C9A8B90C}") = "WingetCreateTestMsiInstaller", "WingetCreateTests\WingetCreateTestMsiInstaller\WingetCreateTestMsiInstaller.vdproj", "{E396AC31-F60E-494A-BD4E-93A3C7E488AE}"
EndProject
Project("{C7167F0D-BC9F-4E6E-AFE1-012C56B48DB5}") = "WingetCreateTestMsixInstaller", "WingetCreateTests\WingetCreateTestMsixInstaller\WingetCreateTestMsixInstaller.wapproj", "{154EB646-D902-41B5-9CE1-E78ACC63AA0A}"
EndProject
Project("{9A19103F-16F7-4668-BE54-9A1E7A4F7556}") = "WingetCreateTests", "WingetCreateTests\WingetCreateTests\WingetCreateTests.csproj", "{E6D34D70-393C-4B17-ACF9-8AF3B0B6E1A5}"
EndProject
Project("{9A19103F-16F7-4668-BE54-9A1E7A4F7556}") = "WingetCreateCore", "WingetCreateCore\WingetCreateCore.csproj", "{710A0BDF-18CC-4534-A2CA-1BF049D59DE9}"
EndProject
Project("{C7167F0D-BC9F-4E6E-AFE1-012C56B48DB5}") = "WingetCreatePackage", "WingetCreatePackage\WingetCreatePackage.wapproj", "{AC37DFD2-1332-4282-B373-8DCF8BB4E3BA}"
EndProject
Global
	GlobalSection(SolutionConfigurationPlatforms) = preSolution
		Debug|ARM64 = Debug|ARM64
		Debug|x64 = Debug|x64
		Release|ARM64 = Release|ARM64
		Release|x64 = Release|x64
	EndGlobalSection
	GlobalSection(ProjectConfigurationPlatforms) = postSolution
		{D5855B01-208D-4A6F-9F56-F38780A121EB}.Debug|ARM64.ActiveCfg = Debug|ARM64
		{D5855B01-208D-4A6F-9F56-F38780A121EB}.Debug|ARM64.Build.0 = Debug|ARM64
		{D5855B01-208D-4A6F-9F56-F38780A121EB}.Debug|x64.ActiveCfg = Debug|x64
		{D5855B01-208D-4A6F-9F56-F38780A121EB}.Debug|x64.Build.0 = Debug|x64
		{D5855B01-208D-4A6F-9F56-F38780A121EB}.Release|ARM64.ActiveCfg = Release|ARM64
		{D5855B01-208D-4A6F-9F56-F38780A121EB}.Release|ARM64.Build.0 = Release|ARM64
		{D5855B01-208D-4A6F-9F56-F38780A121EB}.Release|x64.ActiveCfg = Release|x64
		{D5855B01-208D-4A6F-9F56-F38780A121EB}.Release|x64.Build.0 = Release|x64
		{B7B1E135-E27C-4189-9C12-95BC387EF130}.Debug|ARM64.ActiveCfg = Debug|ARM64
		{B7B1E135-E27C-4189-9C12-95BC387EF130}.Debug|ARM64.Build.0 = Debug|ARM64
		{B7B1E135-E27C-4189-9C12-95BC387EF130}.Debug|x64.ActiveCfg = Debug|x64
		{B7B1E135-E27C-4189-9C12-95BC387EF130}.Debug|x64.Build.0 = Debug|x64
		{B7B1E135-E27C-4189-9C12-95BC387EF130}.Release|ARM64.ActiveCfg = Release|ARM64
		{B7B1E135-E27C-4189-9C12-95BC387EF130}.Release|ARM64.Build.0 = Release|ARM64
		{B7B1E135-E27C-4189-9C12-95BC387EF130}.Release|x64.ActiveCfg = Release|x64
		{B7B1E135-E27C-4189-9C12-95BC387EF130}.Release|x64.Build.0 = Release|x64
		{E396AC31-F60E-494A-BD4E-93A3C7E488AE}.Debug|ARM64.ActiveCfg = Debug
		{E396AC31-F60E-494A-BD4E-93A3C7E488AE}.Debug|ARM64.Build.0 = Debug
		{E396AC31-F60E-494A-BD4E-93A3C7E488AE}.Debug|x64.ActiveCfg = Debug
		{E396AC31-F60E-494A-BD4E-93A3C7E488AE}.Debug|x64.Build.0 = Debug
		{E396AC31-F60E-494A-BD4E-93A3C7E488AE}.Release|ARM64.ActiveCfg = Release
		{E396AC31-F60E-494A-BD4E-93A3C7E488AE}.Release|ARM64.Build.0 = Release
		{E396AC31-F60E-494A-BD4E-93A3C7E488AE}.Release|x64.ActiveCfg = Release
		{E396AC31-F60E-494A-BD4E-93A3C7E488AE}.Release|x64.Build.0 = Release
		{154EB646-D902-41B5-9CE1-E78ACC63AA0A}.Debug|ARM64.ActiveCfg = Debug|ARM64
		{154EB646-D902-41B5-9CE1-E78ACC63AA0A}.Debug|ARM64.Build.0 = Debug|ARM64
		{154EB646-D902-41B5-9CE1-E78ACC63AA0A}.Debug|ARM64.Deploy.0 = Debug|ARM64
		{154EB646-D902-41B5-9CE1-E78ACC63AA0A}.Debug|x64.ActiveCfg = Debug|x64
		{154EB646-D902-41B5-9CE1-E78ACC63AA0A}.Debug|x64.Build.0 = Debug|x64
		{154EB646-D902-41B5-9CE1-E78ACC63AA0A}.Debug|x64.Deploy.0 = Debug|x64
		{154EB646-D902-41B5-9CE1-E78ACC63AA0A}.Release|ARM64.ActiveCfg = Release|ARM64
		{154EB646-D902-41B5-9CE1-E78ACC63AA0A}.Release|ARM64.Build.0 = Release|ARM64
		{154EB646-D902-41B5-9CE1-E78ACC63AA0A}.Release|ARM64.Deploy.0 = Release|ARM64
		{154EB646-D902-41B5-9CE1-E78ACC63AA0A}.Release|x64.ActiveCfg = Release|x64
		{154EB646-D902-41B5-9CE1-E78ACC63AA0A}.Release|x64.Build.0 = Release|x64
		{154EB646-D902-41B5-9CE1-E78ACC63AA0A}.Release|x64.Deploy.0 = Release|x64
		{E6D34D70-393C-4B17-ACF9-8AF3B0B6E1A5}.Debug|ARM64.ActiveCfg = Debug|ARM64
		{E6D34D70-393C-4B17-ACF9-8AF3B0B6E1A5}.Debug|ARM64.Build.0 = Debug|ARM64
		{E6D34D70-393C-4B17-ACF9-8AF3B0B6E1A5}.Debug|x64.ActiveCfg = Debug|x64
		{E6D34D70-393C-4B17-ACF9-8AF3B0B6E1A5}.Debug|x64.Build.0 = Debug|x64
		{E6D34D70-393C-4B17-ACF9-8AF3B0B6E1A5}.Release|ARM64.ActiveCfg = Release|ARM64
		{E6D34D70-393C-4B17-ACF9-8AF3B0B6E1A5}.Release|ARM64.Build.0 = Release|ARM64
		{E6D34D70-393C-4B17-ACF9-8AF3B0B6E1A5}.Release|x64.ActiveCfg = Release|x64
		{E6D34D70-393C-4B17-ACF9-8AF3B0B6E1A5}.Release|x64.Build.0 = Release|x64
		{710A0BDF-18CC-4534-A2CA-1BF049D59DE9}.Debug|ARM64.ActiveCfg = Debug|ARM64
		{710A0BDF-18CC-4534-A2CA-1BF049D59DE9}.Debug|ARM64.Build.0 = Debug|ARM64
		{710A0BDF-18CC-4534-A2CA-1BF049D59DE9}.Debug|x64.ActiveCfg = Debug|x64
		{710A0BDF-18CC-4534-A2CA-1BF049D59DE9}.Debug|x64.Build.0 = Debug|x64
		{710A0BDF-18CC-4534-A2CA-1BF049D59DE9}.Release|ARM64.ActiveCfg = Release|ARM64
		{710A0BDF-18CC-4534-A2CA-1BF049D59DE9}.Release|ARM64.Build.0 = Release|ARM64
		{710A0BDF-18CC-4534-A2CA-1BF049D59DE9}.Release|x64.ActiveCfg = Release|x64
		{710A0BDF-18CC-4534-A2CA-1BF049D59DE9}.Release|x64.Build.0 = Release|x64
		{AC37DFD2-1332-4282-B373-8DCF8BB4E3BA}.Debug|ARM64.ActiveCfg = Debug|ARM64
		{AC37DFD2-1332-4282-B373-8DCF8BB4E3BA}.Debug|ARM64.Build.0 = Debug|ARM64
		{AC37DFD2-1332-4282-B373-8DCF8BB4E3BA}.Debug|ARM64.Deploy.0 = Debug|ARM64
		{AC37DFD2-1332-4282-B373-8DCF8BB4E3BA}.Debug|x64.ActiveCfg = Debug|x64
		{AC37DFD2-1332-4282-B373-8DCF8BB4E3BA}.Debug|x64.Build.0 = Debug|x64
		{AC37DFD2-1332-4282-B373-8DCF8BB4E3BA}.Debug|x64.Deploy.0 = Debug|x64
		{AC37DFD2-1332-4282-B373-8DCF8BB4E3BA}.Release|ARM64.ActiveCfg = Release|ARM64
		{AC37DFD2-1332-4282-B373-8DCF8BB4E3BA}.Release|ARM64.Build.0 = Release|ARM64
		{AC37DFD2-1332-4282-B373-8DCF8BB4E3BA}.Release|ARM64.Deploy.0 = Release|ARM64
		{AC37DFD2-1332-4282-B373-8DCF8BB4E3BA}.Release|x64.ActiveCfg = Release|x64
		{AC37DFD2-1332-4282-B373-8DCF8BB4E3BA}.Release|x64.Build.0 = Release|x64
		{AC37DFD2-1332-4282-B373-8DCF8BB4E3BA}.Release|x64.Deploy.0 = Release|x64
	EndGlobalSection
	GlobalSection(SolutionProperties) = preSolution
		HideSolutionNode = FALSE
	EndGlobalSection
	GlobalSection(NestedProjects) = preSolution
		{B7B1E135-E27C-4189-9C12-95BC387EF130} = {2365F14C-C2A7-4BED-8EA1-EE290794E518}
		{E396AC31-F60E-494A-BD4E-93A3C7E488AE} = {2365F14C-C2A7-4BED-8EA1-EE290794E518}
		{154EB646-D902-41B5-9CE1-E78ACC63AA0A} = {2365F14C-C2A7-4BED-8EA1-EE290794E518}
		{E6D34D70-393C-4B17-ACF9-8AF3B0B6E1A5} = {2365F14C-C2A7-4BED-8EA1-EE290794E518}
	EndGlobalSection
	GlobalSection(ExtensibilityGlobals) = postSolution
		SolutionGuid = {0129167B-6AC5-4697-A3DC-C30DC5792351}
	EndGlobalSection
EndGlobal
